
Microsoft Visual Studio Solution File, Format Version 12.00
# Visual Studio Version 16
VisualStudioVersion = 16.0.31702.278
MinimumVisualStudioVersion = 10.0.40219.1
Project("{8BC9CEB8-8B4A-11D0-8D11-00A0C91BC942}") = "lab8(4)", "lab8(4)\lab8(4).vcxproj", "{56D9B0BE-31E1-46E2-B499-4B65EB4DBE9B}"
EndProject
Global
	GlobalSection(SolutionConfigurationPlatforms) = preSolution
		Debug|x64 = Debug|x64
		Debug|x86 = Debug|x86
		Release|x64 = Release|x64
		Release|x86 = Release|x86
	EndGlobalSection
	GlobalSection(ProjectConfigurationPlatforms) = postSolution
		{56D9B0BE-31E1-46E2-B499-4B65EB4DBE9B}.Debug|x64.ActiveCfg = Debug|x64
		{56D9B0BE-31E1-46E2-B499-4B65EB4DBE9B}.Debug|x64.Build.0 = Debug|x64
		{56D9B0BE-31E1-46E2-B499-4B65EB4DBE9B}.Debug|x86.ActiveCfg = Debug|Win32
		{56D9B0BE-31E1-46E2-B499-4B65EB4DBE9B}.Debug|x86.Build.0 = Debug|Win32
		{56D9B0BE-31E1-46E2-B499-4B65EB4DBE9B}.Release|x64.ActiveCfg = Release|x64
		{56D9B0BE-31E1-46E2-B499-4B65EB4DBE9B}.Release|x64.Build.0 = Release|x64
		{56D9B0BE-31E1-46E2-B499-4B65EB4DBE9B}.Release|x86.ActiveCfg = Release|Win32
		{56D9B0BE-31E1-46E2-B499-4B65EB4DBE9B}.Release|x86.Build.0 = Release|Win32
	EndGlobalSection
	GlobalSection(SolutionProperties) = preSolution
		HideSolutionNode = FALSE
	EndGlobalSection
	GlobalSection(ExtensibilityGlobals) = postSolution
		SolutionGuid = {20F6CEAF-E919-4B4D-9CFF-8E165D0655D1}
	EndGlobalSection
EndGlobal
