
Microsoft Visual Studio Solution File, Format Version 12.00
# Visual Studio Version 16
VisualStudioVersion = 16.0.31702.278
MinimumVisualStudioVersion = 10.0.40219.1
Project("{8BC9CEB8-8B4A-11D0-8D11-00A0C91BC942}") = "lab9(2)", "lab9(2)\lab9(2).vcxproj", "{A79D91C3-7E74-479F-8440-BD30C9A418EB}"
EndProject
Global
	GlobalSection(SolutionConfigurationPlatforms) = preSolution
		Debug|x64 = Debug|x64
		Debug|x86 = Debug|x86
		Release|x64 = Release|x64
		Release|x86 = Release|x86
	EndGlobalSection
	GlobalSection(ProjectConfigurationPlatforms) = postSolution
		{A79D91C3-7E74-479F-8440-BD30C9A418EB}.Debug|x64.ActiveCfg = Debug|x64
		{A79D91C3-7E74-479F-8440-BD30C9A418EB}.Debug|x64.Build.0 = Debug|x64
		{A79D91C3-7E74-479F-8440-BD30C9A418EB}.Debug|x86.ActiveCfg = Debug|Win32
		{A79D91C3-7E74-479F-8440-BD30C9A418EB}.Debug|x86.Build.0 = Debug|Win32
		{A79D91C3-7E74-479F-8440-BD30C9A418EB}.Release|x64.ActiveCfg = Release|x64
		{A79D91C3-7E74-479F-8440-BD30C9A418EB}.Release|x64.Build.0 = Release|x64
		{A79D91C3-7E74-479F-8440-BD30C9A418EB}.Release|x86.ActiveCfg = Release|Win32
		{A79D91C3-7E74-479F-8440-BD30C9A418EB}.Release|x86.Build.0 = Release|Win32
	EndGlobalSection
	GlobalSection(SolutionProperties) = preSolution
		HideSolutionNode = FALSE
	EndGlobalSection
	GlobalSection(ExtensibilityGlobals) = postSolution
		SolutionGuid = {A4A8EC3E-E2F2-4FF1-A70B-FEE6150A843D}
	EndGlobalSection
EndGlobal
