
Microsoft Visual Studio Solution File, Format Version 12.00
# Visual Studio Version 16
VisualStudioVersion = 16.0.31702.278
MinimumVisualStudioVersion = 10.0.40219.1
Project("{8BC9CEB8-8B4A-11D0-8D11-00A0C91BC942}") = "lab14(3)", "lab14(3)\lab14(3).vcxproj", "{9219C71D-6158-46CD-A0DE-50B0D8D10AA8}"
EndProject
Global
	GlobalSection(SolutionConfigurationPlatforms) = preSolution
		Debug|x64 = Debug|x64
		Debug|x86 = Debug|x86
		Release|x64 = Release|x64
		Release|x86 = Release|x86
	EndGlobalSection
	GlobalSection(ProjectConfigurationPlatforms) = postSolution
		{9219C71D-6158-46CD-A0DE-50B0D8D10AA8}.Debug|x64.ActiveCfg = Debug|x64
		{9219C71D-6158-46CD-A0DE-50B0D8D10AA8}.Debug|x64.Build.0 = Debug|x64
		{9219C71D-6158-46CD-A0DE-50B0D8D10AA8}.Debug|x86.ActiveCfg = Debug|Win32
		{9219C71D-6158-46CD-A0DE-50B0D8D10AA8}.Debug|x86.Build.0 = Debug|Win32
		{9219C71D-6158-46CD-A0DE-50B0D8D10AA8}.Release|x64.ActiveCfg = Release|x64
		{9219C71D-6158-46CD-A0DE-50B0D8D10AA8}.Release|x64.Build.0 = Release|x64
		{9219C71D-6158-46CD-A0DE-50B0D8D10AA8}.Release|x86.ActiveCfg = Release|Win32
		{9219C71D-6158-46CD-A0DE-50B0D8D10AA8}.Release|x86.Build.0 = Release|Win32
	EndGlobalSection
	GlobalSection(SolutionProperties) = preSolution
		HideSolutionNode = FALSE
	EndGlobalSection
	GlobalSection(ExtensibilityGlobals) = postSolution
		SolutionGuid = {E01C1B42-2BF1-4566-A9D5-2D0B1B942C76}
	EndGlobalSection
EndGlobal
