
Microsoft Visual Studio Solution File, Format Version 12.00
# Visual Studio Version 16
VisualStudioVersion = 16.0.31702.278
MinimumVisualStudioVersion = 10.0.40219.1
Project("{8BC9CEB8-8B4A-11D0-8D11-00A0C91BC942}") = "lab11(4)", "lab11(4)\lab11(4).vcxproj", "{A708C897-274F-42B1-848B-57E93CBB3231}"
EndProject
Global
	GlobalSection(SolutionConfigurationPlatforms) = preSolution
		Debug|x64 = Debug|x64
		Debug|x86 = Debug|x86
		Release|x64 = Release|x64
		Release|x86 = Release|x86
	EndGlobalSection
	GlobalSection(ProjectConfigurationPlatforms) = postSolution
		{A708C897-274F-42B1-848B-57E93CBB3231}.Debug|x64.ActiveCfg = Debug|x64
		{A708C897-274F-42B1-848B-57E93CBB3231}.Debug|x64.Build.0 = Debug|x64
		{A708C897-274F-42B1-848B-57E93CBB3231}.Debug|x86.ActiveCfg = Debug|Win32
		{A708C897-274F-42B1-848B-57E93CBB3231}.Debug|x86.Build.0 = Debug|Win32
		{A708C897-274F-42B1-848B-57E93CBB3231}.Release|x64.ActiveCfg = Release|x64
		{A708C897-274F-42B1-848B-57E93CBB3231}.Release|x64.Build.0 = Release|x64
		{A708C897-274F-42B1-848B-57E93CBB3231}.Release|x86.ActiveCfg = Release|Win32
		{A708C897-274F-42B1-848B-57E93CBB3231}.Release|x86.Build.0 = Release|Win32
	EndGlobalSection
	GlobalSection(SolutionProperties) = preSolution
		HideSolutionNode = FALSE
	EndGlobalSection
	GlobalSection(ExtensibilityGlobals) = postSolution
		SolutionGuid = {E4473608-DC18-43EF-A262-DDD0AEAE2D4D}
	EndGlobalSection
EndGlobal
