
Microsoft Visual Studio Solution File, Format Version 12.00
# Visual Studio Version 16
VisualStudioVersion = 16.0.31702.278
MinimumVisualStudioVersion = 10.0.40219.1
Project("{8BC9CEB8-8B4A-11D0-8D11-00A0C91BC942}") = "lab14(2)", "lab14(2)\lab14(2).vcxproj", "{707062C0-2E5C-4F4E-AB28-0C72F3D77AE0}"
EndProject
Global
	GlobalSection(SolutionConfigurationPlatforms) = preSolution
		Debug|x64 = Debug|x64
		Debug|x86 = Debug|x86
		Release|x64 = Release|x64
		Release|x86 = Release|x86
	EndGlobalSection
	GlobalSection(ProjectConfigurationPlatforms) = postSolution
		{707062C0-2E5C-4F4E-AB28-0C72F3D77AE0}.Debug|x64.ActiveCfg = Debug|x64
		{707062C0-2E5C-4F4E-AB28-0C72F3D77AE0}.Debug|x64.Build.0 = Debug|x64
		{707062C0-2E5C-4F4E-AB28-0C72F3D77AE0}.Debug|x86.ActiveCfg = Debug|Win32
		{707062C0-2E5C-4F4E-AB28-0C72F3D77AE0}.Debug|x86.Build.0 = Debug|Win32
		{707062C0-2E5C-4F4E-AB28-0C72F3D77AE0}.Release|x64.ActiveCfg = Release|x64
		{707062C0-2E5C-4F4E-AB28-0C72F3D77AE0}.Release|x64.Build.0 = Release|x64
		{707062C0-2E5C-4F4E-AB28-0C72F3D77AE0}.Release|x86.ActiveCfg = Release|Win32
		{707062C0-2E5C-4F4E-AB28-0C72F3D77AE0}.Release|x86.Build.0 = Release|Win32
	EndGlobalSection
	GlobalSection(SolutionProperties) = preSolution
		HideSolutionNode = FALSE
	EndGlobalSection
	GlobalSection(ExtensibilityGlobals) = postSolution
		SolutionGuid = {CE69AD14-02DD-4D41-9EDB-75603402E6D9}
	EndGlobalSection
EndGlobal
