
Microsoft Visual Studio Solution File, Format Version 12.00
# Visual Studio Version 16
VisualStudioVersion = 16.0.31702.278
MinimumVisualStudioVersion = 10.0.40219.1
Project("{8BC9CEB8-8B4A-11D0-8D11-00A0C91BC942}") = "lab10(1)", "lab10(1)\lab10(1).vcxproj", "{AE000E77-5697-44C7-B9F1-55634381D633}"
EndProject
Global
	GlobalSection(SolutionConfigurationPlatforms) = preSolution
		Debug|x64 = Debug|x64
		Debug|x86 = Debug|x86
		Release|x64 = Release|x64
		Release|x86 = Release|x86
	EndGlobalSection
	GlobalSection(ProjectConfigurationPlatforms) = postSolution
		{AE000E77-5697-44C7-B9F1-55634381D633}.Debug|x64.ActiveCfg = Debug|x64
		{AE000E77-5697-44C7-B9F1-55634381D633}.Debug|x64.Build.0 = Debug|x64
		{AE000E77-5697-44C7-B9F1-55634381D633}.Debug|x86.ActiveCfg = Debug|Win32
		{AE000E77-5697-44C7-B9F1-55634381D633}.Debug|x86.Build.0 = Debug|Win32
		{AE000E77-5697-44C7-B9F1-55634381D633}.Release|x64.ActiveCfg = Release|x64
		{AE000E77-5697-44C7-B9F1-55634381D633}.Release|x64.Build.0 = Release|x64
		{AE000E77-5697-44C7-B9F1-55634381D633}.Release|x86.ActiveCfg = Release|Win32
		{AE000E77-5697-44C7-B9F1-55634381D633}.Release|x86.Build.0 = Release|Win32
	EndGlobalSection
	GlobalSection(SolutionProperties) = preSolution
		HideSolutionNode = FALSE
	EndGlobalSection
	GlobalSection(ExtensibilityGlobals) = postSolution
		SolutionGuid = {07B4727B-681D-4E87-BA50-A4FF40098A95}
	EndGlobalSection
EndGlobal
